
Microsoft Visual Studio Solution File, Format Version 12.00
# Visual Studio Version 16
VisualStudioVersion = 16.0.31019.35
MinimumVisualStudioVersion = 10.0.40219.1
Project("{FAE04EC0-301F-11D3-BF4B-00C04F79EFBC}") = "BeautifulMailer", "BeautifulMailer\BeautifulMailer.csproj", "{FC540F10-DB9C-465F-94D5-4B1219CD99CB}"
EndProject
Global
	GlobalSection(SolutionConfigurationPlatforms) = preSolution
		Debug|Any CPU = Debug|Any CPU
		Release|Any CPU = Release|Any CPU
	EndGlobalSection
	GlobalSection(ProjectConfigurationPlatforms) = postSolution
		{FC540F10-DB9C-465F-94D5-4B1219CD99CB}.Debug|Any CPU.ActiveCfg = Debug|Any CPU
		{FC540F10-DB9C-465F-94D5-4B1219CD99CB}.Debug|Any CPU.Build.0 = Debug|Any CPU
		{FC540F10-DB9C-465F-94D5-4B1219CD99CB}.Release|Any CPU.ActiveCfg = Release|Any CPU
		{FC540F10-DB9C-465F-94D5-4B1219CD99CB}.Release|Any CPU.Build.0 = Release|Any CPU
	EndGlobalSection
	GlobalSection(SolutionProperties) = preSolution
		HideSolutionNode = FALSE
	EndGlobalSection
	GlobalSection(ExtensibilityGlobals) = postSolution
		SolutionGuid = {D25C167A-3682-4683-A7DD-0C2C4C84B59B}
	EndGlobalSection
EndGlobal
